<?xml version="1.0" encoding="UTF-8" standalone="yes" ?>
<CodeBlocks_project_file>
	<FileVersion major="1" minor="6" />
	<Project>
		<Option title="MyGame" />
		<Option pch_mode="2" />
		<Option compiler="gcc" />
		<Build>
			<Target title="Debug">
				<Option output="bin/Debug/MyGame" prefix_auto="1" extension_auto="1" />
				<Option object_output="obj/Debug/" />
				<Option type="1" />
				<Option compiler="gcc" />
				<Compiler>
					<Add option="-g" />
				</Compiler>
			</Target>
			<Target title="Release">
				<Option output="bin/Release/MyGame" prefix_auto="1" extension_auto="1" />
				<Option object_output="obj/Release/" />
				<Option type="1" />
				<Option compiler="gcc" />
				<Compiler>
					<Add option="-O2" />
				</Compiler>
				<Linker>
					<Add option="-s" />
				</Linker>
			</Target>
		</Build>
		<Compiler>
			<Add option="-Wall" />
			<Add directory="C:/SDL/SDL-1.2.15/include/SDL" />
		</Compiler>
		<Linker>
			<Add option="-lmingw32 -lSDLmain -lSDL -lSDL_draw -lSDL_ttf -lSDL.dll" />
			<Add directory="C:/SDL/SDL-1.2.15/lib" />
		</Linker>
		<Unit filename="header/App.h" />
		<Unit filename="header/Camera.h" />
		<Unit filename="header/Define.h" />
		<Unit filename="header/Entity.h" />
		<Unit filename="header/Map.h" />
		<Unit filename="header/Player.h" />
		<Unit filename="header/Surface.h" />
		<Unit filename="header/Tile.h" />
		<Unit filename="src/App.cpp" />
		<Unit filename="src/Camera.cpp" />
		<Unit filename="src/Entity.cpp" />
		<Unit filename="src/LevelCleanup.cpp" />
		<Unit filename="src/LevelInit.cpp" />
		<Unit filename="src/Map.cpp" />
		<Unit filename="src/OnCleanup.cpp" />
		<Unit filename="src/OnEvent.cpp" />
		<Unit filename="src/OnExecute.cpp" />
		<Unit filename="src/OnInit.cpp" />
		<Unit filename="src/OnLoop.cpp" />
		<Unit filename="src/OnRender.cpp" />
		<Unit filename="src/Player.cpp" />
		<Unit filename="src/Surface.cpp" />
		<Unit filename="src/Tile.cpp" />
		<Extensions>
			<code_completion />
			<envvars />
			<debugger />
			<lib_finder disable_auto="1" />
		</Extensions>
	</Project>
</CodeBlocks_project_file>
